
Microsoft Visual Studio Solution File, Format Version 12.00
# Visual Studio Version 17
VisualStudioVersion = 17.0.31903.59
MinimumVisualStudioVersion = 10.0.40219.1
Project("{FAE04EC0-301F-11D3-BF4B-00C04F79EFBC}") = "newtalents", "NewTalents\newtalents.csproj", "{80261E76-234B-46A0-8535-AC804B47BA8D}"
EndProject
Project("{FAE04EC0-301F-11D3-BF4B-00C04F79EFBC}") = "testNewTalents", "testNewTalents\testNewTalents.csproj", "{27396C15-3B45-43DD-9627-FAE9C4AC8D06}"
EndProject
Global
	GlobalSection(SolutionConfigurationPlatforms) = preSolution
		Debug|Any CPU = Debug|Any CPU
		Release|Any CPU = Release|Any CPU
	EndGlobalSection
	GlobalSection(SolutionProperties) = preSolution
		HideSolutionNode = FALSE
	EndGlobalSection
	GlobalSection(ProjectConfigurationPlatforms) = postSolution
		{80261E76-234B-46A0-8535-AC804B47BA8D}.Debug|Any CPU.ActiveCfg = Debug|Any CPU
		{80261E76-234B-46A0-8535-AC804B47BA8D}.Debug|Any CPU.Build.0 = Debug|Any CPU
		{80261E76-234B-46A0-8535-AC804B47BA8D}.Release|Any CPU.ActiveCfg = Release|Any CPU
		{80261E76-234B-46A0-8535-AC804B47BA8D}.Release|Any CPU.Build.0 = Release|Any CPU
		{27396C15-3B45-43DD-9627-FAE9C4AC8D06}.Debug|Any CPU.ActiveCfg = Debug|Any CPU
		{27396C15-3B45-43DD-9627-FAE9C4AC8D06}.Debug|Any CPU.Build.0 = Debug|Any CPU
		{27396C15-3B45-43DD-9627-FAE9C4AC8D06}.Release|Any CPU.ActiveCfg = Release|Any CPU
		{27396C15-3B45-43DD-9627-FAE9C4AC8D06}.Release|Any CPU.Build.0 = Release|Any CPU
	EndGlobalSection
EndGlobal
